
Microsoft Visual Studio Solution File, Format Version 12.00
# Visual Studio Version 16
VisualStudioVersion = 16.0.30804.86
MinimumVisualStudioVersion = 10.0.40219.1
Project("{FAE04EC0-301F-11D3-BF4B-00C04F79EFBC}") = "BookListMVC", "BookListMVC\BookListMVC.csproj", "{8629A735-B8B1-49EE-8587-F17748AE29A8}"
EndProject
Global
	GlobalSection(SolutionConfigurationPlatforms) = preSolution
		Debug|Any CPU = Debug|Any CPU
		Release|Any CPU = Release|Any CPU
	EndGlobalSection
	GlobalSection(ProjectConfigurationPlatforms) = postSolution
		{8629A735-B8B1-49EE-8587-F17748AE29A8}.Debug|Any CPU.ActiveCfg = Debug|Any CPU
		{8629A735-B8B1-49EE-8587-F17748AE29A8}.Debug|Any CPU.Build.0 = Debug|Any CPU
		{8629A735-B8B1-49EE-8587-F17748AE29A8}.Release|Any CPU.ActiveCfg = Release|Any CPU
		{8629A735-B8B1-49EE-8587-F17748AE29A8}.Release|Any CPU.Build.0 = Release|Any CPU
	EndGlobalSection
	GlobalSection(SolutionProperties) = preSolution
		HideSolutionNode = FALSE
	EndGlobalSection
	GlobalSection(ExtensibilityGlobals) = postSolution
		SolutionGuid = {72ABB5EC-2778-4762-9BAC-9D1944D6FD62}
	EndGlobalSection
EndGlobal
